// !$*UTF8*$!
{
	archiveVersion = 1;
	classes = {
	};
	objectVersion = 56;
	objects = {

/* Begin PBXBuildFile section */
		381BB95029109F4C009BEC81 /* SplashScreen.swift in Sources */ = {isa = PBXBuildFile; fileRef = 381BB94F29109F4C009BEC81 /* SplashScreen.swift */; };
		385B125C2910C4BF003BEABF /* WelcomeView.swift in Sources */ = {isa = PBXBuildFile; fileRef = 385B125B2910C4BF003BEABF /* WelcomeView.swift */; };
		385B125F2911A8D7003BEABF /* GoogleService-Info.plist in Resources */ = {isa = PBXBuildFile; fileRef = 385B125E2911A8D6003BEABF /* GoogleService-Info.plist */; };
		385B12622911B037003BEABF /* FirebaseAnalytics in Frameworks */ = {isa = PBXBuildFile; productRef = 385B12612911B037003BEABF /* FirebaseAnalytics */; };
		385B12642911B037003BEABF /* FirebaseAuth in Frameworks */ = {isa = PBXBuildFile; productRef = 385B12632911B037003BEABF /* FirebaseAuth */; };
		385B12662911B037003BEABF /* FirebaseDynamicLinks in Frameworks */ = {isa = PBXBuildFile; productRef = 385B12652911B037003BEABF /* FirebaseDynamicLinks */; };
		385B12682911B037003BEABF /* FirebaseFirestore in Frameworks */ = {isa = PBXBuildFile; productRef = 385B12672911B037003BEABF /* FirebaseFirestore */; };
		385B126A2911B037003BEABF /* FirebaseFirestoreSwift in Frameworks */ = {isa = PBXBuildFile; productRef = 385B12692911B037003BEABF /* FirebaseFirestoreSwift */; };
		385B126C2911B037003BEABF /* FirebaseStorage in Frameworks */ = {isa = PBXBuildFile; productRef = 385B126B2911B037003BEABF /* FirebaseStorage */; };
		385B126E2911CEC8003BEABF /* LogInView.swift in Sources */ = {isa = PBXBuildFile; fileRef = 385B126D2911CEC8003BEABF /* LogInView.swift */; };
		385B12702911CEF9003BEABF /* LogInAnimationView.swift in Sources */ = {isa = PBXBuildFile; fileRef = 385B126F2911CEF9003BEABF /* LogInAnimationView.swift */; };
		38C6DCCF2901D4BD001B9FE7 /* CodiyApp.swift in Sources */ = {isa = PBXBuildFile; fileRef = 38C6DCCE2901D4BD001B9FE7 /* CodiyApp.swift */; };
		38C6DCD12901D4BD001B9FE7 /* ContentView.swift in Sources */ = {isa = PBXBuildFile; fileRef = 38C6DCD02901D4BD001B9FE7 /* ContentView.swift */; };
		38C6DCD32901D4BF001B9FE7 /* Assets.xcassets in Resources */ = {isa = PBXBuildFile; fileRef = 38C6DCD22901D4BF001B9FE7 /* Assets.xcassets */; };
		38C6DCD62901D4BF001B9FE7 /* Preview Assets.xcassets in Resources */ = {isa = PBXBuildFile; fileRef = 38C6DCD52901D4BF001B9FE7 /* Preview Assets.xcassets */; };
/* End PBXBuildFile section */

/* Begin PBXFileReference section */
		381BB94F29109F4C009BEC81 /* SplashScreen.swift */ = {isa = PBXFileReference; lastKnownFileType = sourcecode.swift; path = SplashScreen.swift; sourceTree = "<group>"; };
		385B125A2910C31D003BEABF /* Info.plist */ = {isa = PBXFileReference; lastKnownFileType = text.plist; path = Info.plist; sourceTree = "<group>"; };
		385B125B2910C4BF003BEABF /* WelcomeView.swift */ = {isa = PBXFileReference; lastKnownFileType = sourcecode.swift; path = WelcomeView.swift; sourceTree = "<group>"; };
		385B125E2911A8D6003BEABF /* GoogleService-Info.plist */ = {isa = PBXFileReference; fileEncoding = 4; lastKnownFileType = text.plist.xml; path = "GoogleService-Info.plist"; sourceTree = "<group>"; };
		385B126D2911CEC8003BEABF /* LogInView.swift */ = {isa = PBXFileReference; lastKnownFileType = sourcecode.swift; path = LogInView.swift; sourceTree = "<group>"; };
		385B126F2911CEF9003BEABF /* LogInAnimationView.swift */ = {isa = PBXFileReference; lastKnownFileType = sourcecode.swift; path = LogInAnimationView.swift; sourceTree = "<group>"; };
		38C6DCCB2901D4BD001B9FE7 /* Codiy.app */ = {isa = PBXFileReference; explicitFileType = wrapper.application; includeInIndex = 0; path = Codiy.app; sourceTree = BUILT_PRODUCTS_DIR; };
		38C6DCCE2901D4BD001B9FE7 /* CodiyApp.swift */ = {isa = PBXFileReference; lastKnownFileType = sourcecode.swift; path = CodiyApp.swift; sourceTree = "<group>"; };
		38C6DCD02901D4BD001B9FE7 /* ContentView.swift */ = {isa = PBXFileReference; lastKnownFileType = sourcecode.swift; path = ContentView.swift; sourceTree = "<group>"; };
		38C6DCD22901D4BF001B9FE7 /* Assets.xcassets */ = {isa = PBXFileReference; lastKnownFileType = folder.assetcatalog; path = Assets.xcassets; sourceTree = "<group>"; };
		38C6DCD52901D4BF001B9FE7 /* Preview Assets.xcassets */ = {isa = PBXFileReference; lastKnownFileType = folder.assetcatalog; path = "Preview Assets.xcassets"; sourceTree = "<group>"; };
/* End PBXFileReference section */

/* Begin PBXFrameworksBuildPhase section */
		38C6DCC82901D4BD001B9FE7 /* Frameworks */ = {
			isa = PBXFrameworksBuildPhase;
			buildActionMask = 2147483647;
			files = (
				385B126A2911B037003BEABF /* FirebaseFirestoreSwift in Frameworks */,
				385B12622911B037003BEABF /* FirebaseAnalytics in Frameworks */,
				385B12682911B037003BEABF /* FirebaseFirestore in Frameworks */,
				385B12642911B037003BEABF /* FirebaseAuth in Frameworks */,
				385B12662911B037003BEABF /* FirebaseDynamicLinks in Frameworks */,
				385B126C2911B037003BEABF /* FirebaseStorage in Frameworks */,
			);
			runOnlyForDeploymentPostprocessing = 0;
		};
/* End PBXFrameworksBuildPhase section */

/* Begin PBXGroup section */
		381BB94D29109D2E009BEC81 /* Content */ = {
			isa = PBXGroup;
			children = (
				381BB94E29109D37009BEC81 /* Articles */,
			);
			path = Content;
			sourceTree = "<group>";
		};
		381BB94E29109D37009BEC81 /* Articles */ = {
			isa = PBXGroup;
			children = (
			);
			path = Articles;
			sourceTree = "<group>";
		};
		385B12712911F446003BEABF /* Authentication */ = {
			isa = PBXGroup;
			children = (
				385B12722911F44C003BEABF /* LoginHome */,
			);
			path = Authentication;
			sourceTree = "<group>";
		};
		385B12722911F44C003BEABF /* LoginHome */ = {
			isa = PBXGroup;
			children = (
				385B126D2911CEC8003BEABF /* LogInView.swift */,
				385B126F2911CEF9003BEABF /* LogInAnimationView.swift */,
			);
			path = LoginHome;
			sourceTree = "<group>";
		};
		38C6DCC22901D4BD001B9FE7 = {
			isa = PBXGroup;
			children = (
				38C6DCCD2901D4BD001B9FE7 /* Codiy */,
				38C6DCCC2901D4BD001B9FE7 /* Products */,
			);
			sourceTree = "<group>";
		};
		38C6DCCC2901D4BD001B9FE7 /* Products */ = {
			isa = PBXGroup;
			children = (
				38C6DCCB2901D4BD001B9FE7 /* Codiy.app */,
			);
			name = Products;
			sourceTree = "<group>";
		};
		38C6DCCD2901D4BD001B9FE7 /* Codiy */ = {
			isa = PBXGroup;
			children = (
				385B125E2911A8D6003BEABF /* GoogleService-Info.plist */,
				385B125A2910C31D003BEABF /* Info.plist */,
				381BB94D29109D2E009BEC81 /* Content */,
				38C6DCCE2901D4BD001B9FE7 /* CodiyApp.swift */,
				38C6DCD02901D4BD001B9FE7 /* ContentView.swift */,
				385B12712911F446003BEABF /* Authentication */,
				385B125B2910C4BF003BEABF /* WelcomeView.swift */,
				38C6DCD22901D4BF001B9FE7 /* Assets.xcassets */,
				38C6DCD42901D4BF001B9FE7 /* Preview Content */,
				381BB94F29109F4C009BEC81 /* SplashScreen.swift */,
			);
			path = Codiy;
			sourceTree = "<group>";
		};
		38C6DCD42901D4BF001B9FE7 /* Preview Content */ = {
			isa = PBXGroup;
			children = (
				38C6DCD52901D4BF001B9FE7 /* Preview Assets.xcassets */,
			);
			path = "Preview Content";
			sourceTree = "<group>";
		};
/* End PBXGroup section */

/* Begin PBXNativeTarget section */
		38C6DCCA2901D4BD001B9FE7 /* Codiy */ = {
			isa = PBXNativeTarget;
			buildConfigurationList = 38C6DCD92901D4BF001B9FE7 /* Build configuration list for PBXNativeTarget "Codiy" */;
			buildPhases = (
				38C6DCC72901D4BD001B9FE7 /* Sources */,
				38C6DCC82901D4BD001B9FE7 /* Frameworks */,
				38C6DCC92901D4BD001B9FE7 /* Resources */,
			);
			buildRules = (
			);
			dependencies = (
			);
			name = Codiy;
			packageProductDependencies = (
				385B12612911B037003BEABF /* FirebaseAnalytics */,
				385B12632911B037003BEABF /* FirebaseAuth */,
				385B12652911B037003BEABF /* FirebaseDynamicLinks */,
				385B12672911B037003BEABF /* FirebaseFirestore */,
				385B12692911B037003BEABF /* FirebaseFirestoreSwift */,
				385B126B2911B037003BEABF /* FirebaseStorage */,
			);
			productName = Codiy;
			productReference = 38C6DCCB2901D4BD001B9FE7 /* Codiy.app */;
			productType = "com.apple.product-type.application";
		};
/* End PBXNativeTarget section */

/* Begin PBXProject section */
		38C6DCC32901D4BD001B9FE7 /* Project object */ = {
			isa = PBXProject;
			attributes = {
				BuildIndependentTargetsInParallel = 1;
				LastSwiftUpdateCheck = 1400;
				LastUpgradeCheck = 1400;
				TargetAttributes = {
					38C6DCCA2901D4BD001B9FE7 = {
						CreatedOnToolsVersion = 14.0.1;
					};
				};
			};
			buildConfigurationList = 38C6DCC62901D4BD001B9FE7 /* Build configuration list for PBXProject "Codiy" */;
			compatibilityVersion = "Xcode 14.0";
			developmentRegion = en;
			hasScannedForEncodings = 0;
			knownRegions = (
				en,
				Base,
			);
			mainGroup = 38C6DCC22901D4BD001B9FE7;
			packageReferences = (
				385B12602911B037003BEABF /* XCRemoteSwiftPackageReference "firebase-ios-sdk" */,
			);
			productRefGroup = 38C6DCCC2901D4BD001B9FE7 /* Products */;
			projectDirPath = "";
			projectRoot = "";
			targets = (
				38C6DCCA2901D4BD001B9FE7 /* Codiy */,
			);
		};
/* End PBXProject section */

/* Begin PBXResourcesBuildPhase section */
		38C6DCC92901D4BD001B9FE7 /* Resources */ = {
			isa = PBXResourcesBuildPhase;
			buildActionMask = 2147483647;
			files = (
				38C6DCD62901D4BF001B9FE7 /* Preview Assets.xcassets in Resources */,
				38C6DCD32901D4BF001B9FE7 /* Assets.xcassets in Resources */,
				385B125F2911A8D7003BEABF /* GoogleService-Info.plist in Resources */,
			);
			runOnlyForDeploymentPostprocessing = 0;
		};
/* End PBXResourcesBuildPhase section */

/* Begin PBXSourcesBuildPhase section */
		38C6DCC72901D4BD001B9FE7 /* Sources */ = {
			isa = PBXSourcesBuildPhase;
			buildActionMask = 2147483647;
			files = (
				385B126E2911CEC8003BEABF /* LogInView.swift in Sources */,
				381BB95029109F4C009BEC81 /* SplashScreen.swift in Sources */,
				38C6DCD12901D4BD001B9FE7 /* ContentView.swift in Sources */,
				385B12702911CEF9003BEABF /* LogInAnimationView.swift in Sources */,
				38C6DCCF2901D4BD001B9FE7 /* CodiyApp.swift in Sources */,
				385B125C2910C4BF003BEABF /* WelcomeView.swift in Sources */,
			);
			runOnlyForDeploymentPostprocessing = 0;
		};
/* End PBXSourcesBuildPhase section */

/* Begin XCBuildConfiguration section */
		38C6DCD72901D4BF001B9FE7 /* Debug */ = {
			isa = XCBuildConfiguration;
			buildSettings = {
				ALWAYS_SEARCH_USER_PATHS = NO;
				CLANG_ANALYZER_NONNULL = YES;
				CLANG_ANALYZER_NUMBER_OBJECT_CONVERSION = YES_AGGRESSIVE;
				CLANG_CXX_LANGUAGE_STANDARD = "gnu++20";
				CLANG_ENABLE_MODULES = YES;
				CLANG_ENABLE_OBJC_ARC = YES;
				CLANG_ENABLE_OBJC_WEAK = YES;
				CLANG_WARN_BLOCK_CAPTURE_AUTORELEASING = YES;
				CLANG_WARN_BOOL_CONVERSION = YES;
				CLANG_WARN_COMMA = YES;
				CLANG_WARN_CONSTANT_CONVERSION = YES;
				CLANG_WARN_DEPRECATED_OBJC_IMPLEMENTATIONS = YES;
				CLANG_WARN_DIRECT_OBJC_ISA_USAGE = YES_ERROR;
				CLANG_WARN_DOCUMENTATION_COMMENTS = YES;
				CLANG_WARN_EMPTY_BODY = YES;
				CLANG_WARN_ENUM_CONVERSION = YES;
				CLANG_WARN_INFINITE_RECURSION = YES;
				CLANG_WARN_INT_CONVERSION = YES;
				CLANG_WARN_NON_LITERAL_NULL_CONVERSION = YES;
				CLANG_WARN_OBJC_IMPLICIT_RETAIN_SELF = YES;
				CLANG_WARN_OBJC_LITERAL_CONVERSION = YES;
				CLANG_WARN_OBJC_ROOT_CLASS = YES_ERROR;
				CLANG_WARN_QUOTED_INCLUDE_IN_FRAMEWORK_HEADER = YES;
				CLANG_WARN_RANGE_LOOP_ANALYSIS = YES;
				CLANG_WARN_STRICT_PROTOTYPES = YES;
				CLANG_WARN_SUSPICIOUS_MOVE = YES;
				CLANG_WARN_UNGUARDED_AVAILABILITY = YES_AGGRESSIVE;
				CLANG_WARN_UNREACHABLE_CODE = YES;
				CLANG_WARN__DUPLICATE_METHOD_MATCH = YES;
				COPY_PHASE_STRIP = NO;
				DEBUG_INFORMATION_FORMAT = dwarf;
				ENABLE_STRICT_OBJC_MSGSEND = YES;
				ENABLE_TESTABILITY = YES;
				GCC_C_LANGUAGE_STANDARD = gnu11;
				GCC_DYNAMIC_NO_PIC = NO;
				GCC_NO_COMMON_BLOCKS = YES;
				GCC_OPTIMIZATION_LEVEL = 0;
				GCC_PREPROCESSOR_DEFINITIONS = (
					"DEBUG=1",
					"$(inherited)",
				);
				GCC_WARN_64_TO_32_BIT_CONVERSION = YES;
				GCC_WARN_ABOUT_RETURN_TYPE = YES_ERROR;
				GCC_WARN_UNDECLARED_SELECTOR = YES;
				GCC_WARN_UNINITIALIZED_AUTOS = YES_AGGRESSIVE;
				GCC_WARN_UNUSED_FUNCTION = YES;
				GCC_WARN_UNUSED_VARIABLE = YES;
				IPHONEOS_DEPLOYMENT_TARGET = 16.0;
				MTL_ENABLE_DEBUG_INFO = INCLUDE_SOURCE;
				MTL_FAST_MATH = YES;
				ONLY_ACTIVE_ARCH = YES;
				SDKROOT = iphoneos;
				SWIFT_ACTIVE_COMPILATION_CONDITIONS = DEBUG;
				SWIFT_OPTIMIZATION_LEVEL = "-Onone";
			};
			name = Debug;
		};
		38C6DCD82901D4BF001B9FE7 /* Release */ = {
			isa = XCBuildConfiguration;
			buildSettings = {
				ALWAYS_SEARCH_USER_PATHS = NO;
				CLANG_ANALYZER_NONNULL = YES;
				CLANG_ANALYZER_NUMBER_OBJECT_CONVERSION = YES_AGGRESSIVE;
				CLANG_CXX_LANGUAGE_STANDARD = "gnu++20";
				CLANG_ENABLE_MODULES = YES;
				CLANG_ENABLE_OBJC_ARC = YES;
				CLANG_ENABLE_OBJC_WEAK = YES;
				CLANG_WARN_BLOCK_CAPTURE_AUTORELEASING = YES;
				CLANG_WARN_BOOL_CONVERSION = YES;
				CLANG_WARN_COMMA = YES;
				CLANG_WARN_CONSTANT_CONVERSION = YES;
				CLANG_WARN_DEPRECATED_OBJC_IMPLEMENTATIONS = YES;
				CLANG_WARN_DIRECT_OBJC_ISA_USAGE = YES_ERROR;
				CLANG_WARN_DOCUMENTATION_COMMENTS = YES;
				CLANG_WARN_EMPTY_BODY = YES;
				CLANG_WARN_ENUM_CONVERSION = YES;
				CLANG_WARN_INFINITE_RECURSION = YES;
				CLANG_WARN_INT_CONVERSION = YES;
				CLANG_WARN_NON_LITERAL_NULL_CONVERSION = YES;
				CLANG_WARN_OBJC_IMPLICIT_RETAIN_SELF = YES;
				CLANG_WARN_OBJC_LITERAL_CONVERSION = YES;
				CLANG_WARN_OBJC_ROOT_CLASS = YES_ERROR;
				CLANG_WARN_QUOTED_INCLUDE_IN_FRAMEWORK_HEADER = YES;
				CLANG_WARN_RANGE_LOOP_ANALYSIS = YES;
				CLANG_WARN_STRICT_PROTOTYPES = YES;
				CLANG_WARN_SUSPICIOUS_MOVE = YES;
				CLANG_WARN_UNGUARDED_AVAILABILITY = YES_AGGRESSIVE;
				CLANG_WARN_UNREACHABLE_CODE = YES;
				CLANG_WARN__DUPLICATE_METHOD_MATCH = YES;
				COPY_PHASE_STRIP = NO;
				DEBUG_INFORMATION_FORMAT = "dwarf-with-dsym";
				ENABLE_NS_ASSERTIONS = NO;
				ENABLE_STRICT_OBJC_MSGSEND = YES;
				GCC_C_LANGUAGE_STANDARD = gnu11;
				GCC_NO_COMMON_BLOCKS = YES;
				GCC_WARN_64_TO_32_BIT_CONVERSION = YES;
				GCC_WARN_ABOUT_RETURN_TYPE = YES_ERROR;
				GCC_WARN_UNDECLARED_SELECTOR = YES;
				GCC_WARN_UNINITIALIZED_AUTOS = YES_AGGRESSIVE;
				GCC_WARN_UNUSED_FUNCTION = YES;
				GCC_WARN_UNUSED_VARIABLE = YES;
				IPHONEOS_DEPLOYMENT_TARGET = 16.0;
				MTL_ENABLE_DEBUG_INFO = NO;
				MTL_FAST_MATH = YES;
				SDKROOT = iphoneos;
				SWIFT_COMPILATION_MODE = wholemodule;
				SWIFT_OPTIMIZATION_LEVEL = "-O";
				VALIDATE_PRODUCT = YES;
			};
			name = Release;
		};
		38C6DCDA2901D4BF001B9FE7 /* Debug */ = {
			isa = XCBuildConfiguration;
			buildSettings = {
				ASSETCATALOG_COMPILER_APPICON_NAME = AppIcon;
				ASSETCATALOG_COMPILER_GLOBAL_ACCENT_COLOR_NAME = AccentColor;
				CODE_SIGN_STYLE = Automatic;
				CURRENT_PROJECT_VERSION = 1;
				DEVELOPMENT_ASSET_PATHS = "\"Codiy/Preview Content\"";
				DEVELOPMENT_TEAM = YM283LC5H4;
				ENABLE_PREVIEWS = YES;
				GENERATE_INFOPLIST_FILE = YES;
				INFOPLIST_FILE = Codiy/Info.plist;
				INFOPLIST_KEY_CFBundleDisplayName = Codiy;
				INFOPLIST_KEY_LSApplicationCategoryType = "public.app-category.entertainment";
				INFOPLIST_KEY_UIApplicationSceneManifest_Generation = YES;
				INFOPLIST_KEY_UIApplicationSupportsIndirectInputEvents = YES;
				INFOPLIST_KEY_UISupportedInterfaceOrientations = UIInterfaceOrientationPortrait;
				LD_RUNPATH_SEARCH_PATHS = (
					"$(inherited)",
					"@executable_path/Frameworks",
				);
				MARKETING_VERSION = 1.0;
				PRODUCT_BUNDLE_IDENTIFIER = com.app.Codiy;
				PRODUCT_NAME = "$(TARGET_NAME)";
				SWIFT_EMIT_LOC_STRINGS = YES;
				SWIFT_VERSION = 5.0;
				TARGETED_DEVICE_FAMILY = "1,2";
			};
			name = Debug;
		};
		38C6DCDB2901D4BF001B9FE7 /* Release */ = {
			isa = XCBuildConfiguration;
			buildSettings = {
				ASSETCATALOG_COMPILER_APPICON_NAME = AppIcon;
				ASSETCATALOG_COMPILER_GLOBAL_ACCENT_COLOR_NAME = AccentColor;
				CODE_SIGN_STYLE = Automatic;
				CURRENT_PROJECT_VERSION = 1;
				DEVELOPMENT_ASSET_PATHS = "\"Codiy/Preview Content\"";
				DEVELOPMENT_TEAM = YM283LC5H4;
				ENABLE_PREVIEWS = YES;
				GENERATE_INFOPLIST_FILE = YES;
				INFOPLIST_FILE = Codiy/Info.plist;
				INFOPLIST_KEY_CFBundleDisplayName = Codiy;
				INFOPLIST_KEY_LSApplicationCategoryType = "public.app-category.entertainment";
				INFOPLIST_KEY_UIApplicationSceneManifest_Generation = YES;
				INFOPLIST_KEY_UIApplicationSupportsIndirectInputEvents = YES;
				INFOPLIST_KEY_UISupportedInterfaceOrientations = UIInterfaceOrientationPortrait;
				LD_RUNPATH_SEARCH_PATHS = (
					"$(inherited)",
					"@executable_path/Frameworks",
				);
				MARKETING_VERSION = 1.0;
				PRODUCT_BUNDLE_IDENTIFIER = com.app.Codiy;
				PRODUCT_NAME = "$(TARGET_NAME)";
				SWIFT_EMIT_LOC_STRINGS = YES;
				SWIFT_VERSION = 5.0;
				TARGETED_DEVICE_FAMILY = "1,2";
			};
			name = Release;
		};
/* End XCBuildConfiguration section */

/* Begin XCConfigurationList section */
		38C6DCC62901D4BD001B9FE7 /* Build configuration list for PBXProject "Codiy" */ = {
			isa = XCConfigurationList;
			buildConfigurations = (
				38C6DCD72901D4BF001B9FE7 /* Debug */,
				38C6DCD82901D4BF001B9FE7 /* Release */,
			);
			defaultConfigurationIsVisible = 0;
			defaultConfigurationName = Release;
		};
		38C6DCD92901D4BF001B9FE7 /* Build configuration list for PBXNativeTarget "Codiy" */ = {
			isa = XCConfigurationList;
			buildConfigurations = (
				38C6DCDA2901D4BF001B9FE7 /* Debug */,
				38C6DCDB2901D4BF001B9FE7 /* Release */,
			);
			defaultConfigurationIsVisible = 0;
			defaultConfigurationName = Release;
		};
/* End XCConfigurationList section */

/* Begin XCRemoteSwiftPackageReference section */
		385B12602911B037003BEABF /* XCRemoteSwiftPackageReference "firebase-ios-sdk" */ = {
			isa = XCRemoteSwiftPackageReference;
			repositoryURL = "https://github.com/firebase/firebase-ios-sdk.git";
			requirement = {
				kind = upToNextMajorVersion;
				minimumVersion = 9.0.0;
			};
		};
/* End XCRemoteSwiftPackageReference section */

/* Begin XCSwiftPackageProductDependency section */
		385B12612911B037003BEABF /* FirebaseAnalytics */ = {
			isa = XCSwiftPackageProductDependency;
			package = 385B12602911B037003BEABF /* XCRemoteSwiftPackageReference "firebase-ios-sdk" */;
			productName = FirebaseAnalytics;
		};
		385B12632911B037003BEABF /* FirebaseAuth */ = {
			isa = XCSwiftPackageProductDependency;
			package = 385B12602911B037003BEABF /* XCRemoteSwiftPackageReference "firebase-ios-sdk" */;
			productName = FirebaseAuth;
		};
		385B12652911B037003BEABF /* FirebaseDynamicLinks */ = {
			isa = XCSwiftPackageProductDependency;
			package = 385B12602911B037003BEABF /* XCRemoteSwiftPackageReference "firebase-ios-sdk" */;
			productName = FirebaseDynamicLinks;
		};
		385B12672911B037003BEABF /* FirebaseFirestore */ = {
			isa = XCSwiftPackageProductDependency;
			package = 385B12602911B037003BEABF /* XCRemoteSwiftPackageReference "firebase-ios-sdk" */;
			productName = FirebaseFirestore;
		};
		385B12692911B037003BEABF /* FirebaseFirestoreSwift */ = {
			isa = XCSwiftPackageProductDependency;
			package = 385B12602911B037003BEABF /* XCRemoteSwiftPackageReference "firebase-ios-sdk" */;
			productName = FirebaseFirestoreSwift;
		};
		385B126B2911B037003BEABF /* FirebaseStorage */ = {
			isa = XCSwiftPackageProductDependency;
			package = 385B12602911B037003BEABF /* XCRemoteSwiftPackageReference "firebase-ios-sdk" */;
			productName = FirebaseStorage;
		};
/* End XCSwiftPackageProductDependency section */
	};
	rootObject = 38C6DCC32901D4BD001B9FE7 /* Project object */;
}
